// !$*UTF8*$!
{
	archiveVersion = 1;
	classes = {
	};
	objectVersion = 56;
	objects = {

/* Begin PBXBuildFile section */
		00BD19D92AC34D3200241567 /* SwiftuiMapAppApp.swift in Sources */ = {isa = PBXBuildFile; fileRef = 00BD19D82AC34D3200241567 /* SwiftuiMapAppApp.swift */; };
		00BD19DB2AC34D3200241567 /* ContentView.swift in Sources */ = {isa = PBXBuildFile; fileRef = 00BD19DA2AC34D3200241567 /* ContentView.swift */; };
		00BD19E02AC34D3400241567 /* Preview Assets.xcassets in Resources */ = {isa = PBXBuildFile; fileRef = 00BD19DF2AC34D3400241567 /* Preview Assets.xcassets */; };
		00BD19E72AC34D8600241567 /* Assets.xcassets in Resources */ = {isa = PBXBuildFile; fileRef = 00BD19E62AC34D8600241567 /* Assets.xcassets */; };
		00BD19EC2AC34EC800241567 /* Location.swift in Sources */ = {isa = PBXBuildFile; fileRef = 00BD19EB2AC34EC800241567 /* Location.swift */; };
		00BD19EF2AC34F7D00241567 /* LocationsDataService.swift in Sources */ = {isa = PBXBuildFile; fileRef = 00BD19EE2AC34F7D00241567 /* LocationsDataService.swift */; };
		00BD19F12AC34FE500241567 /* LocationsView.swift in Sources */ = {isa = PBXBuildFile; fileRef = 00BD19F02AC34FE500241567 /* LocationsView.swift */; };
		00BD19F32AC351D400241567 /* LocationsViewModel.swift in Sources */ = {isa = PBXBuildFile; fileRef = 00BD19F22AC351D400241567 /* LocationsViewModel.swift */; };
		00BD19F52AC3574400241567 /* LocationsListView.swift in Sources */ = {isa = PBXBuildFile; fileRef = 00BD19F42AC3574400241567 /* LocationsListView.swift */; };
		00C8BAC02ACDC36C006127CA /* LocationPreviewView.swift in Sources */ = {isa = PBXBuildFile; fileRef = 00C8BABF2ACDC36C006127CA /* LocationPreviewView.swift */; };
/* End PBXBuildFile section */

/* Begin PBXFileReference section */
		00BD19D52AC34D3200241567 /* SwiftuiMapApp.app */ = {isa = PBXFileReference; explicitFileType = wrapper.application; includeInIndex = 0; path = SwiftuiMapApp.app; sourceTree = BUILT_PRODUCTS_DIR; };
		00BD19D82AC34D3200241567 /* SwiftuiMapAppApp.swift */ = {isa = PBXFileReference; lastKnownFileType = sourcecode.swift; path = SwiftuiMapAppApp.swift; sourceTree = "<group>"; };
		00BD19DA2AC34D3200241567 /* ContentView.swift */ = {isa = PBXFileReference; lastKnownFileType = sourcecode.swift; path = ContentView.swift; sourceTree = "<group>"; };
		00BD19DF2AC34D3400241567 /* Preview Assets.xcassets */ = {isa = PBXFileReference; lastKnownFileType = folder.assetcatalog; path = "Preview Assets.xcassets"; sourceTree = "<group>"; };
		00BD19E62AC34D8600241567 /* Assets.xcassets */ = {isa = PBXFileReference; lastKnownFileType = folder.assetcatalog; path = Assets.xcassets; sourceTree = "<group>"; };
		00BD19EB2AC34EC800241567 /* Location.swift */ = {isa = PBXFileReference; lastKnownFileType = sourcecode.swift; path = Location.swift; sourceTree = "<group>"; };
		00BD19EE2AC34F7D00241567 /* LocationsDataService.swift */ = {isa = PBXFileReference; fileEncoding = 4; lastKnownFileType = sourcecode.swift; path = LocationsDataService.swift; sourceTree = "<group>"; };
		00BD19F02AC34FE500241567 /* LocationsView.swift */ = {isa = PBXFileReference; lastKnownFileType = sourcecode.swift; path = LocationsView.swift; sourceTree = "<group>"; };
		00BD19F22AC351D400241567 /* LocationsViewModel.swift */ = {isa = PBXFileReference; lastKnownFileType = sourcecode.swift; path = LocationsViewModel.swift; sourceTree = "<group>"; };
		00BD19F42AC3574400241567 /* LocationsListView.swift */ = {isa = PBXFileReference; lastKnownFileType = sourcecode.swift; path = LocationsListView.swift; sourceTree = "<group>"; };
		00C8BABF2ACDC36C006127CA /* LocationPreviewView.swift */ = {isa = PBXFileReference; lastKnownFileType = sourcecode.swift; path = LocationPreviewView.swift; sourceTree = "<group>"; };
/* End PBXFileReference section */

/* Begin PBXFrameworksBuildPhase section */
		00BD19D22AC34D3200241567 /* Frameworks */ = {
			isa = PBXFrameworksBuildPhase;
			buildActionMask = 2147483647;
			files = (
			);
			runOnlyForDeploymentPostprocessing = 0;
		};
/* End PBXFrameworksBuildPhase section */

/* Begin PBXGroup section */
		00BD19CC2AC34D3200241567 = {
			isa = PBXGroup;
			children = (
				00BD19D72AC34D3200241567 /* SwiftuiMapApp */,
				00BD19D62AC34D3200241567 /* Products */,
			);
			sourceTree = "<group>";
		};
		00BD19D62AC34D3200241567 /* Products */ = {
			isa = PBXGroup;
			children = (
				00BD19D52AC34D3200241567 /* SwiftuiMapApp.app */,
			);
			name = Products;
			sourceTree = "<group>";
		};
		00BD19D72AC34D3200241567 /* SwiftuiMapApp */ = {
			isa = PBXGroup;
			children = (
				00BD19ED2AC34F6100241567 /* DataServices */,
				00BD19E92AC34E9800241567 /* Views */,
				00BD19EA2AC34E9F00241567 /* ViewModels */,
				00BD19E82AC34E8B00241567 /* Models */,
				00BD19E62AC34D8600241567 /* Assets.xcassets */,
				00BD19D82AC34D3200241567 /* SwiftuiMapAppApp.swift */,
				00BD19DA2AC34D3200241567 /* ContentView.swift */,
				00BD19DE2AC34D3400241567 /* Preview Content */,
			);
			path = SwiftuiMapApp;
			sourceTree = "<group>";
		};
		00BD19DE2AC34D3400241567 /* Preview Content */ = {
			isa = PBXGroup;
			children = (
				00BD19DF2AC34D3400241567 /* Preview Assets.xcassets */,
			);
			path = "Preview Content";
			sourceTree = "<group>";
		};
		00BD19E82AC34E8B00241567 /* Models */ = {
			isa = PBXGroup;
			children = (
				00BD19EB2AC34EC800241567 /* Location.swift */,
			);
			path = Models;
			sourceTree = "<group>";
		};
		00BD19E92AC34E9800241567 /* Views */ = {
			isa = PBXGroup;
			children = (
				00BD19F02AC34FE500241567 /* LocationsView.swift */,
				00BD19F42AC3574400241567 /* LocationsListView.swift */,
				00C8BABF2ACDC36C006127CA /* LocationPreviewView.swift */,
			);
			path = Views;
			sourceTree = "<group>";
		};
		00BD19EA2AC34E9F00241567 /* ViewModels */ = {
			isa = PBXGroup;
			children = (
				00BD19F22AC351D400241567 /* LocationsViewModel.swift */,
			);
			path = ViewModels;
			sourceTree = "<group>";
		};
		00BD19ED2AC34F6100241567 /* DataServices */ = {
			isa = PBXGroup;
			children = (
				00BD19EE2AC34F7D00241567 /* LocationsDataService.swift */,
			);
			path = DataServices;
			sourceTree = "<group>";
		};
/* End PBXGroup section */

/* Begin PBXNativeTarget section */
		00BD19D42AC34D3200241567 /* SwiftuiMapApp */ = {
			isa = PBXNativeTarget;
			buildConfigurationList = 00BD19E32AC34D3400241567 /* Build configuration list for PBXNativeTarget "SwiftuiMapApp" */;
			buildPhases = (
				00BD19D12AC34D3200241567 /* Sources */,
				00BD19D22AC34D3200241567 /* Frameworks */,
				00BD19D32AC34D3200241567 /* Resources */,
			);
			buildRules = (
			);
			dependencies = (
			);
			name = SwiftuiMapApp;
			productName = SwiftuiMapApp;
			productReference = 00BD19D52AC34D3200241567 /* SwiftuiMapApp.app */;
			productType = "com.apple.product-type.application";
		};
/* End PBXNativeTarget section */

/* Begin PBXProject section */
		00BD19CD2AC34D3200241567 /* Project object */ = {
			isa = PBXProject;
			attributes = {
				BuildIndependentTargetsInParallel = 1;
				LastSwiftUpdateCheck = 1430;
				LastUpgradeCheck = 1430;
				TargetAttributes = {
					00BD19D42AC34D3200241567 = {
						CreatedOnToolsVersion = 14.3.1;
					};
				};
			};
			buildConfigurationList = 00BD19D02AC34D3200241567 /* Build configuration list for PBXProject "SwiftuiMapApp" */;
			compatibilityVersion = "Xcode 14.0";
			developmentRegion = en;
			hasScannedForEncodings = 0;
			knownRegions = (
				en,
				Base,
			);
			mainGroup = 00BD19CC2AC34D3200241567;
			productRefGroup = 00BD19D62AC34D3200241567 /* Products */;
			projectDirPath = "";
			projectRoot = "";
			targets = (
				00BD19D42AC34D3200241567 /* SwiftuiMapApp */,
			);
		};
/* End PBXProject section */

/* Begin PBXResourcesBuildPhase section */
		00BD19D32AC34D3200241567 /* Resources */ = {
			isa = PBXResourcesBuildPhase;
			buildActionMask = 2147483647;
			files = (
				00BD19E72AC34D8600241567 /* Assets.xcassets in Resources */,
				00BD19E02AC34D3400241567 /* Preview Assets.xcassets in Resources */,
			);
			runOnlyForDeploymentPostprocessing = 0;
		};
/* End PBXResourcesBuildPhase section */

/* Begin PBXSourcesBuildPhase section */
		00BD19D12AC34D3200241567 /* Sources */ = {
			isa = PBXSourcesBuildPhase;
			buildActionMask = 2147483647;
			files = (
				00BD19EF2AC34F7D00241567 /* LocationsDataService.swift in Sources */,
				00BD19F52AC3574400241567 /* LocationsListView.swift in Sources */,
				00C8BAC02ACDC36C006127CA /* LocationPreviewView.swift in Sources */,
				00BD19F32AC351D400241567 /* LocationsViewModel.swift in Sources */,
				00BD19DB2AC34D3200241567 /* ContentView.swift in Sources */,
				00BD19F12AC34FE500241567 /* LocationsView.swift in Sources */,
				00BD19EC2AC34EC800241567 /* Location.swift in Sources */,
				00BD19D92AC34D3200241567 /* SwiftuiMapAppApp.swift in Sources */,
			);
			runOnlyForDeploymentPostprocessing = 0;
		};
/* End PBXSourcesBuildPhase section */

/* Begin XCBuildConfiguration section */
		00BD19E12AC34D3400241567 /* Debug */ = {
			isa = XCBuildConfiguration;
			buildSettings = {
				ALWAYS_SEARCH_USER_PATHS = NO;
				CLANG_ANALYZER_NONNULL = YES;
				CLANG_ANALYZER_NUMBER_OBJECT_CONVERSION = YES_AGGRESSIVE;
				CLANG_CXX_LANGUAGE_STANDARD = "gnu++20";
				CLANG_ENABLE_MODULES = YES;
				CLANG_ENABLE_OBJC_ARC = YES;
				CLANG_ENABLE_OBJC_WEAK = YES;
				CLANG_WARN_BLOCK_CAPTURE_AUTORELEASING = YES;
				CLANG_WARN_BOOL_CONVERSION = YES;
				CLANG_WARN_COMMA = YES;
				CLANG_WARN_CONSTANT_CONVERSION = YES;
				CLANG_WARN_DEPRECATED_OBJC_IMPLEMENTATIONS = YES;
				CLANG_WARN_DIRECT_OBJC_ISA_USAGE = YES_ERROR;
				CLANG_WARN_DOCUMENTATION_COMMENTS = YES;
				CLANG_WARN_EMPTY_BODY = YES;
				CLANG_WARN_ENUM_CONVERSION = YES;
				CLANG_WARN_INFINITE_RECURSION = YES;
				CLANG_WARN_INT_CONVERSION = YES;
				CLANG_WARN_NON_LITERAL_NULL_CONVERSION = YES;
				CLANG_WARN_OBJC_IMPLICIT_RETAIN_SELF = YES;
				CLANG_WARN_OBJC_LITERAL_CONVERSION = YES;
				CLANG_WARN_OBJC_ROOT_CLASS = YES_ERROR;
				CLANG_WARN_QUOTED_INCLUDE_IN_FRAMEWORK_HEADER = YES;
				CLANG_WARN_RANGE_LOOP_ANALYSIS = YES;
				CLANG_WARN_STRICT_PROTOTYPES = YES;
				CLANG_WARN_SUSPICIOUS_MOVE = YES;
				CLANG_WARN_UNGUARDED_AVAILABILITY = YES_AGGRESSIVE;
				CLANG_WARN_UNREACHABLE_CODE = YES;
				CLANG_WARN__DUPLICATE_METHOD_MATCH = YES;
				COPY_PHASE_STRIP = NO;
				DEBUG_INFORMATION_FORMAT = dwarf;
				ENABLE_STRICT_OBJC_MSGSEND = YES;
				ENABLE_TESTABILITY = YES;
				GCC_C_LANGUAGE_STANDARD = gnu11;
				GCC_DYNAMIC_NO_PIC = NO;
				GCC_NO_COMMON_BLOCKS = YES;
				GCC_OPTIMIZATION_LEVEL = 0;
				GCC_PREPROCESSOR_DEFINITIONS = (
					"DEBUG=1",
					"$(inherited)",
				);
				GCC_WARN_64_TO_32_BIT_CONVERSION = YES;
				GCC_WARN_ABOUT_RETURN_TYPE = YES_ERROR;
				GCC_WARN_UNDECLARED_SELECTOR = YES;
				GCC_WARN_UNINITIALIZED_AUTOS = YES_AGGRESSIVE;
				GCC_WARN_UNUSED_FUNCTION = YES;
				GCC_WARN_UNUSED_VARIABLE = YES;
				IPHONEOS_DEPLOYMENT_TARGET = 16.4;
				MTL_ENABLE_DEBUG_INFO = INCLUDE_SOURCE;
				MTL_FAST_MATH = YES;
				ONLY_ACTIVE_ARCH = YES;
				SDKROOT = iphoneos;
				SWIFT_ACTIVE_COMPILATION_CONDITIONS = DEBUG;
				SWIFT_OPTIMIZATION_LEVEL = "-Onone";
			};
			name = Debug;
		};
		00BD19E22AC34D3400241567 /* Release */ = {
			isa = XCBuildConfiguration;
			buildSettings = {
				ALWAYS_SEARCH_USER_PATHS = NO;
				CLANG_ANALYZER_NONNULL = YES;
				CLANG_ANALYZER_NUMBER_OBJECT_CONVERSION = YES_AGGRESSIVE;
				CLANG_CXX_LANGUAGE_STANDARD = "gnu++20";
				CLANG_ENABLE_MODULES = YES;
				CLANG_ENABLE_OBJC_ARC = YES;
				CLANG_ENABLE_OBJC_WEAK = YES;
				CLANG_WARN_BLOCK_CAPTURE_AUTORELEASING = YES;
				CLANG_WARN_BOOL_CONVERSION = YES;
				CLANG_WARN_COMMA = YES;
				CLANG_WARN_CONSTANT_CONVERSION = YES;
				CLANG_WARN_DEPRECATED_OBJC_IMPLEMENTATIONS = YES;
				CLANG_WARN_DIRECT_OBJC_ISA_USAGE = YES_ERROR;
				CLANG_WARN_DOCUMENTATION_COMMENTS = YES;
				CLANG_WARN_EMPTY_BODY = YES;
				CLANG_WARN_ENUM_CONVERSION = YES;
				CLANG_WARN_INFINITE_RECURSION = YES;
				CLANG_WARN_INT_CONVERSION = YES;
				CLANG_WARN_NON_LITERAL_NULL_CONVERSION = YES;
				CLANG_WARN_OBJC_IMPLICIT_RETAIN_SELF = YES;
				CLANG_WARN_OBJC_LITERAL_CONVERSION = YES;
				CLANG_WARN_OBJC_ROOT_CLASS = YES_ERROR;
				CLANG_WARN_QUOTED_INCLUDE_IN_FRAMEWORK_HEADER = YES;
				CLANG_WARN_RANGE_LOOP_ANALYSIS = YES;
				CLANG_WARN_STRICT_PROTOTYPES = YES;
				CLANG_WARN_SUSPICIOUS_MOVE = YES;
				CLANG_WARN_UNGUARDED_AVAILABILITY = YES_AGGRESSIVE;
				CLANG_WARN_UNREACHABLE_CODE = YES;
				CLANG_WARN__DUPLICATE_METHOD_MATCH = YES;
				COPY_PHASE_STRIP = NO;
				DEBUG_INFORMATION_FORMAT = "dwarf-with-dsym";
				ENABLE_NS_ASSERTIONS = NO;
				ENABLE_STRICT_OBJC_MSGSEND = YES;
				GCC_C_LANGUAGE_STANDARD = gnu11;
				GCC_NO_COMMON_BLOCKS = YES;
				GCC_WARN_64_TO_32_BIT_CONVERSION = YES;
				GCC_WARN_ABOUT_RETURN_TYPE = YES_ERROR;
				GCC_WARN_UNDECLARED_SELECTOR = YES;
				GCC_WARN_UNINITIALIZED_AUTOS = YES_AGGRESSIVE;
				GCC_WARN_UNUSED_FUNCTION = YES;
				GCC_WARN_UNUSED_VARIABLE = YES;
				IPHONEOS_DEPLOYMENT_TARGET = 16.4;
				MTL_ENABLE_DEBUG_INFO = NO;
				MTL_FAST_MATH = YES;
				SDKROOT = iphoneos;
				SWIFT_COMPILATION_MODE = wholemodule;
				SWIFT_OPTIMIZATION_LEVEL = "-O";
				VALIDATE_PRODUCT = YES;
			};
			name = Release;
		};
		00BD19E42AC34D3400241567 /* Debug */ = {
			isa = XCBuildConfiguration;
			buildSettings = {
				ASSETCATALOG_COMPILER_APPICON_NAME = AppIcon;
				ASSETCATALOG_COMPILER_GLOBAL_ACCENT_COLOR_NAME = AccentColor;
				CODE_SIGN_STYLE = Automatic;
				CURRENT_PROJECT_VERSION = 1;
				DEVELOPMENT_ASSET_PATHS = "\"SwiftuiMapApp/Preview Content\"";
				DEVELOPMENT_TEAM = LFV6332RRW;
				ENABLE_PREVIEWS = YES;
				GENERATE_INFOPLIST_FILE = YES;
				INFOPLIST_KEY_UIApplicationSceneManifest_Generation = YES;
				INFOPLIST_KEY_UIApplicationSupportsIndirectInputEvents = YES;
				INFOPLIST_KEY_UILaunchScreen_Generation = YES;
				INFOPLIST_KEY_UISupportedInterfaceOrientations_iPad = "UIInterfaceOrientationPortrait UIInterfaceOrientationPortraitUpsideDown UIInterfaceOrientationLandscapeLeft UIInterfaceOrientationLandscapeRight";
				INFOPLIST_KEY_UISupportedInterfaceOrientations_iPhone = "UIInterfaceOrientationPortrait UIInterfaceOrientationLandscapeLeft UIInterfaceOrientationLandscapeRight";
				LD_RUNPATH_SEARCH_PATHS = (
					"$(inherited)",
					"@executable_path/Frameworks",
				);
				MARKETING_VERSION = 1.0;
				PRODUCT_BUNDLE_IDENTIFIER = com.han.SwiftuiMapApp;
				PRODUCT_NAME = "$(TARGET_NAME)";
				SWIFT_EMIT_LOC_STRINGS = YES;
				SWIFT_VERSION = 5.0;
				TARGETED_DEVICE_FAMILY = "1,2";
			};
			name = Debug;
		};
		00BD19E52AC34D3400241567 /* Release */ = {
			isa = XCBuildConfiguration;
			buildSettings = {
				ASSETCATALOG_COMPILER_APPICON_NAME = AppIcon;
				ASSETCATALOG_COMPILER_GLOBAL_ACCENT_COLOR_NAME = AccentColor;
				CODE_SIGN_STYLE = Automatic;
				CURRENT_PROJECT_VERSION = 1;
				DEVELOPMENT_ASSET_PATHS = "\"SwiftuiMapApp/Preview Content\"";
				DEVELOPMENT_TEAM = LFV6332RRW;
				ENABLE_PREVIEWS = YES;
				GENERATE_INFOPLIST_FILE = YES;
				INFOPLIST_KEY_UIApplicationSceneManifest_Generation = YES;
				INFOPLIST_KEY_UIApplicationSupportsIndirectInputEvents = YES;
				INFOPLIST_KEY_UILaunchScreen_Generation = YES;
				INFOPLIST_KEY_UISupportedInterfaceOrientations_iPad = "UIInterfaceOrientationPortrait UIInterfaceOrientationPortraitUpsideDown UIInterfaceOrientationLandscapeLeft UIInterfaceOrientationLandscapeRight";
				INFOPLIST_KEY_UISupportedInterfaceOrientations_iPhone = "UIInterfaceOrientationPortrait UIInterfaceOrientationLandscapeLeft UIInterfaceOrientationLandscapeRight";
				LD_RUNPATH_SEARCH_PATHS = (
					"$(inherited)",
					"@executable_path/Frameworks",
				);
				MARKETING_VERSION = 1.0;
				PRODUCT_BUNDLE_IDENTIFIER = com.han.SwiftuiMapApp;
				PRODUCT_NAME = "$(TARGET_NAME)";
				SWIFT_EMIT_LOC_STRINGS = YES;
				SWIFT_VERSION = 5.0;
				TARGETED_DEVICE_FAMILY = "1,2";
			};
			name = Release;
		};
/* End XCBuildConfiguration section */

/* Begin XCConfigurationList section */
		00BD19D02AC34D3200241567 /* Build configuration list for PBXProject "SwiftuiMapApp" */ = {
			isa = XCConfigurationList;
			buildConfigurations = (
				00BD19E12AC34D3400241567 /* Debug */,
				00BD19E22AC34D3400241567 /* Release */,
			);
			defaultConfigurationIsVisible = 0;
			defaultConfigurationName = Release;
		};
		00BD19E32AC34D3400241567 /* Build configuration list for PBXNativeTarget "SwiftuiMapApp" */ = {
			isa = XCConfigurationList;
			buildConfigurations = (
				00BD19E42AC34D3400241567 /* Debug */,
				00BD19E52AC34D3400241567 /* Release */,
			);
			defaultConfigurationIsVisible = 0;
			defaultConfigurationName = Release;
		};
/* End XCConfigurationList section */
	};
	rootObject = 00BD19CD2AC34D3200241567 /* Project object */;
}
